# This file is automatically @generated by Cargo.
# It is not intended for manual editing.
version = 4

[[package]]
name = "agentmage-capability-read-only"
version = "0.0.0"
dependencies = [
 "agentmage-kernel-contracts",
]

[[package]]
name = "agentmage-host"
version = "0.0.0"
dependencies = [
 "agentmage-capability-read-only",
 "agentmage-kernel-contracts",
 "agentmage-kernel-engine",
 "agentmage-platform-linux",
]

[[package]]
name = "agentmage-kernel-contracts"
version = "0.0.0"

[[package]]
name = "agentmage-kernel-engine"
version = "0.0.0"
dependencies = [
 "agentmage-kernel-contracts",
]

[[package]]
name = "agentmage-platform-linux"
version = "0.0.0"
dependencies = [
 "agentmage-kernel-contracts",
]

[[package]]
name = "agentmage-xtask"
version = "0.0.0"
